{
  "name": "javascript",
  "version": "1.0.0",
  "lockfileVersion": 2,
  "requires": true,
  "packages": {
    "": {
      "name": "javascript",
      "version": "1.0.0",
      "license": "ISC",
      "dependencies": {
        "long-url": "^1.0.2"
      }
    },
    "node_modules/long-url": {
      "version": "1.0.2",
      "resolved": "https://registry.npmjs.org/long-url/-/long-url-1.0.2.tgz",
      "integrity": "sha1-wm+f1Di/nUw6pig1cBbLDv2WPw0=",
      "bin": {
        "long-url": "bin/reverse-url-shortener"
      }
    }
  },
  "dependencies": {
    "long-url": {
      "version": "1.0.2",
      "resolved": "https://registry.npmjs.org/long-url/-/long-url-1.0.2.tgz",
      "integrity": "sha1-wm+f1Di/nUw6pig1cBbLDv2WPw0="
    }
  }
}
